
Microsoft Visual Studio Solution File, Format Version 12.00
# Visual Studio Version 16
VisualStudioVersion = 16.0.29519.181
MinimumVisualStudioVersion = 10.0.40219.1
Project("{FAE04EC0-301F-11D3-BF4B-00C04F79EFBC}") = "Junko", "Junko\Junko.csproj", "{FCDFB74E-5807-4035-8C79-D45D8E47B2D1}"
EndProject
Global
	GlobalSection(SolutionConfigurationPlatforms) = preSolution
		Debug|Any CPU = Debug|Any CPU
		Release|Any CPU = Release|Any CPU
	EndGlobalSection
	GlobalSection(ProjectConfigurationPlatforms) = postSolution
		{FCDFB74E-5807-4035-8C79-D45D8E47B2D1}.Debug|Any CPU.ActiveCfg = Debug|Any CPU
		{FCDFB74E-5807-4035-8C79-D45D8E47B2D1}.Debug|Any CPU.Build.0 = Debug|Any CPU
		{FCDFB74E-5807-4035-8C79-D45D8E47B2D1}.Release|Any CPU.ActiveCfg = Release|Any CPU
		{FCDFB74E-5807-4035-8C79-D45D8E47B2D1}.Release|Any CPU.Build.0 = Release|Any CPU
	EndGlobalSection
	GlobalSection(SolutionProperties) = preSolution
		HideSolutionNode = FALSE
	EndGlobalSection
	GlobalSection(ExtensibilityGlobals) = postSolution
		SolutionGuid = {E2C4098B-6EB1-4215-B1B5-CC7E487C3A35}
	EndGlobalSection
EndGlobal
